
Microsoft Visual Studio Solution File, Format Version 12.00
# Visual Studio Version 17
VisualStudioVersion = 17.0.32112.339
MinimumVisualStudioVersion = 10.0.40219.1
Project("{9A19103F-16F7-4668-BE54-9A1E7A4F7556}") = "PKAR.AnamneseFormular.Domain", "PKAR.AnamneseFormular.Domain\PKAR.AnamneseFormular.Domain.csproj", "{1646EE97-A2A7-4C6D-9D1A-712126CA8058}"
EndProject
Project("{9A19103F-16F7-4668-BE54-9A1E7A4F7556}") = "PKAR.AnamneseFormular.WebApplication", "PKAR.AnamneseFormular.WebApplication\PKAR.AnamneseFormular.WebApplication.csproj", "{9AFC2D60-CAE1-4BDC-A5C5-A304C565D4F5}"
EndProject
Global
	GlobalSection(SolutionConfigurationPlatforms) = preSolution
		Debug|Any CPU = Debug|Any CPU
		Release|Any CPU = Release|Any CPU
	EndGlobalSection
	GlobalSection(ProjectConfigurationPlatforms) = postSolution
		{1646EE97-A2A7-4C6D-9D1A-712126CA8058}.Debug|Any CPU.ActiveCfg = Debug|Any CPU
		{1646EE97-A2A7-4C6D-9D1A-712126CA8058}.Debug|Any CPU.Build.0 = Debug|Any CPU
		{1646EE97-A2A7-4C6D-9D1A-712126CA8058}.Release|Any CPU.ActiveCfg = Release|Any CPU
		{1646EE97-A2A7-4C6D-9D1A-712126CA8058}.Release|Any CPU.Build.0 = Release|Any CPU
		{9AFC2D60-CAE1-4BDC-A5C5-A304C565D4F5}.Debug|Any CPU.ActiveCfg = Debug|Any CPU
		{9AFC2D60-CAE1-4BDC-A5C5-A304C565D4F5}.Debug|Any CPU.Build.0 = Debug|Any CPU
		{9AFC2D60-CAE1-4BDC-A5C5-A304C565D4F5}.Release|Any CPU.ActiveCfg = Release|Any CPU
		{9AFC2D60-CAE1-4BDC-A5C5-A304C565D4F5}.Release|Any CPU.Build.0 = Release|Any CPU
	EndGlobalSection
	GlobalSection(SolutionProperties) = preSolution
		HideSolutionNode = FALSE
	EndGlobalSection
	GlobalSection(ExtensibilityGlobals) = postSolution
		SolutionGuid = {36A10A11-9308-443D-BF9F-4361E13181AE}
	EndGlobalSection
EndGlobal
